
Microsoft Visual Studio Solution File, Format Version 12.00
# Visual Studio Version 16
VisualStudioVersion = 16.0.28803.156
MinimumVisualStudioVersion = 10.0.40219.1
Project("{FAE04EC0-301F-11D3-BF4B-00C04F79EFBC}") = "Zilon.Core", "Zilon.Core\Zilon.Core.csproj", "{93E96628-DE50-42AE-A2F5-4B4B042D66E6}"
EndProject
Project("{FAE04EC0-301F-11D3-BF4B-00C04F79EFBC}") = "Zilon.Core.Tests", "Zilon.Core.Tests\Zilon.Core.Tests.csproj", "{0192DB6B-EAE2-430A-BC52-148EEC878151}"
EndProject
Project("{2150E333-8FDC-42A3-9474-1A3956D46DE8}") = "Deploy", "Deploy", "{F057B496-9EBB-49B9-8B3F-ECBF7B08CA18}"
	ProjectSection(SolutionItems) = preProject
		CreateAppSettings.ps1 = CreateAppSettings.ps1
	EndProjectSection
EndProject
Project("{FAE04EC0-301F-11D3-BF4B-00C04F79EFBC}") = "Zilon.Core.Spec", "Zilon.Core.Spec\Zilon.Core.Spec.csproj", "{31887843-0523-4FFA-8B03-A7D041B95FA3}"
EndProject
Project("{FAE04EC0-301F-11D3-BF4B-00C04F79EFBC}") = "Zilon.Core.Tests.Common", "Zilon.Core.Tests.Common\Zilon.Core.Tests.Common.csproj", "{53AF1D62-18D8-4252-B09A-1CC50724BE92}"
EndProject
Project("{2150E333-8FDC-42A3-9474-1A3956D46DE8}") = "Tests", "Tests", "{A3B88E0E-94FE-44BE-B147-3A31C9A6F034}"
EndProject
Project("{2150E333-8FDC-42A3-9474-1A3956D46DE8}") = "Docs", "Docs", "{04A0FDB6-44FE-49A4-879B-3C53860DE840}"
	ProjectSection(SolutionItems) = preProject
		Docs\Core.dgml = Docs\Core.dgml
	EndProjectSection
EndProject
Project("{FAE04EC0-301F-11D3-BF4B-00C04F79EFBC}") = "Zilon.Core.Benchmark", "Zilon.Core.Benchmark\Zilon.Core.Benchmark.csproj", "{66CE455F-3F1F-4DC2-BCAE-F8243686FF54}"
EndProject
Project("{2150E333-8FDC-42A3-9474-1A3956D46DE8}") = "Benchmarks", "Benchmarks", "{67CFF0E1-4DD5-4EFF-991D-3B745796992A}"
EndProject
Project("{FAE04EC0-301F-11D3-BF4B-00C04F79EFBC}") = "Zilon.Core.Timeout.Tests", "Zilon.Core.Timeout.Tests\Zilon.Core.Timeout.Tests.csproj", "{4192F9E9-0DFC-43B1-BB84-79A1E9CC92BA}"
EndProject
Project("{2150E333-8FDC-42A3-9474-1A3956D46DE8}") = "Solution Items", "Solution Items", "{A77E8F14-A1DC-4EE6-8F92-577AA8BF9257}"
	ProjectSection(SolutionItems) = preProject
		nunit3-console.psess = nunit3-console.psess
	EndProjectSection
EndProject
Project("{FAE04EC0-301F-11D3-BF4B-00C04F79EFBC}") = "Zilon.SchemeEditor", "Zilon.SchemeEditor\Zilon.SchemeEditor.csproj", "{704DF995-A781-4E89-9E12-C41C66B3FC03}"
EndProject
Project("{FAE04EC0-301F-11D3-BF4B-00C04F79EFBC}") = "Zilon.Bot", "Zilon.Bot\Zilon.Bot.csproj", "{B7EFEC00-E068-4510-B18D-3BF8A2E8245B}"
EndProject
Global
	GlobalSection(SolutionConfigurationPlatforms) = preSolution
		Debug|Any CPU = Debug|Any CPU
		Release|Any CPU = Release|Any CPU
	EndGlobalSection
	GlobalSection(ProjectConfigurationPlatforms) = postSolution
		{93E96628-DE50-42AE-A2F5-4B4B042D66E6}.Debug|Any CPU.ActiveCfg = Debug|Any CPU
		{93E96628-DE50-42AE-A2F5-4B4B042D66E6}.Debug|Any CPU.Build.0 = Debug|Any CPU
		{93E96628-DE50-42AE-A2F5-4B4B042D66E6}.Release|Any CPU.ActiveCfg = Release|Any CPU
		{93E96628-DE50-42AE-A2F5-4B4B042D66E6}.Release|Any CPU.Build.0 = Release|Any CPU
		{0192DB6B-EAE2-430A-BC52-148EEC878151}.Debug|Any CPU.ActiveCfg = Debug|Any CPU
		{0192DB6B-EAE2-430A-BC52-148EEC878151}.Debug|Any CPU.Build.0 = Debug|Any CPU
		{0192DB6B-EAE2-430A-BC52-148EEC878151}.Release|Any CPU.ActiveCfg = Release|Any CPU
		{0192DB6B-EAE2-430A-BC52-148EEC878151}.Release|Any CPU.Build.0 = Release|Any CPU
		{31887843-0523-4FFA-8B03-A7D041B95FA3}.Debug|Any CPU.ActiveCfg = Debug|Any CPU
		{31887843-0523-4FFA-8B03-A7D041B95FA3}.Debug|Any CPU.Build.0 = Debug|Any CPU
		{31887843-0523-4FFA-8B03-A7D041B95FA3}.Release|Any CPU.ActiveCfg = Release|Any CPU
		{31887843-0523-4FFA-8B03-A7D041B95FA3}.Release|Any CPU.Build.0 = Release|Any CPU
		{53AF1D62-18D8-4252-B09A-1CC50724BE92}.Debug|Any CPU.ActiveCfg = Debug|Any CPU
		{53AF1D62-18D8-4252-B09A-1CC50724BE92}.Debug|Any CPU.Build.0 = Debug|Any CPU
		{53AF1D62-18D8-4252-B09A-1CC50724BE92}.Release|Any CPU.ActiveCfg = Release|Any CPU
		{53AF1D62-18D8-4252-B09A-1CC50724BE92}.Release|Any CPU.Build.0 = Release|Any CPU
		{66CE455F-3F1F-4DC2-BCAE-F8243686FF54}.Debug|Any CPU.ActiveCfg = Debug|Any CPU
		{66CE455F-3F1F-4DC2-BCAE-F8243686FF54}.Debug|Any CPU.Build.0 = Debug|Any CPU
		{66CE455F-3F1F-4DC2-BCAE-F8243686FF54}.Release|Any CPU.ActiveCfg = Release|Any CPU
		{66CE455F-3F1F-4DC2-BCAE-F8243686FF54}.Release|Any CPU.Build.0 = Release|Any CPU
		{4192F9E9-0DFC-43B1-BB84-79A1E9CC92BA}.Debug|Any CPU.ActiveCfg = Debug|Any CPU
		{4192F9E9-0DFC-43B1-BB84-79A1E9CC92BA}.Debug|Any CPU.Build.0 = Debug|Any CPU
		{4192F9E9-0DFC-43B1-BB84-79A1E9CC92BA}.Release|Any CPU.ActiveCfg = Release|Any CPU
		{4192F9E9-0DFC-43B1-BB84-79A1E9CC92BA}.Release|Any CPU.Build.0 = Release|Any CPU
		{704DF995-A781-4E89-9E12-C41C66B3FC03}.Debug|Any CPU.ActiveCfg = Debug|Any CPU
		{704DF995-A781-4E89-9E12-C41C66B3FC03}.Debug|Any CPU.Build.0 = Debug|Any CPU
		{704DF995-A781-4E89-9E12-C41C66B3FC03}.Release|Any CPU.ActiveCfg = Release|Any CPU
		{704DF995-A781-4E89-9E12-C41C66B3FC03}.Release|Any CPU.Build.0 = Release|Any CPU
		{B7EFEC00-E068-4510-B18D-3BF8A2E8245B}.Debug|Any CPU.ActiveCfg = Debug|Any CPU
		{B7EFEC00-E068-4510-B18D-3BF8A2E8245B}.Debug|Any CPU.Build.0 = Debug|Any CPU
		{B7EFEC00-E068-4510-B18D-3BF8A2E8245B}.Release|Any CPU.ActiveCfg = Release|Any CPU
		{B7EFEC00-E068-4510-B18D-3BF8A2E8245B}.Release|Any CPU.Build.0 = Release|Any CPU
	EndGlobalSection
	GlobalSection(SolutionProperties) = preSolution
		HideSolutionNode = FALSE
	EndGlobalSection
	GlobalSection(NestedProjects) = preSolution
		{0192DB6B-EAE2-430A-BC52-148EEC878151} = {A3B88E0E-94FE-44BE-B147-3A31C9A6F034}
		{31887843-0523-4FFA-8B03-A7D041B95FA3} = {A3B88E0E-94FE-44BE-B147-3A31C9A6F034}
		{53AF1D62-18D8-4252-B09A-1CC50724BE92} = {A3B88E0E-94FE-44BE-B147-3A31C9A6F034}
		{66CE455F-3F1F-4DC2-BCAE-F8243686FF54} = {67CFF0E1-4DD5-4EFF-991D-3B745796992A}
		{4192F9E9-0DFC-43B1-BB84-79A1E9CC92BA} = {67CFF0E1-4DD5-4EFF-991D-3B745796992A}
	EndGlobalSection
	GlobalSection(ExtensibilityGlobals) = postSolution
		SolutionGuid = {CFF0449A-4E54-4D58-A6EB-852BCB6866BE}
	EndGlobalSection
	GlobalSection(Performance) = preSolution
		HasPerformanceSessions = true
	EndGlobalSection
	GlobalSection(Performance) = preSolution
		HasPerformanceSessions = true
	EndGlobalSection
EndGlobal
