
Microsoft Visual Studio Solution File, Format Version 12.00
# Visual Studio Version 16
VisualStudioVersion = 16.0.28803.156
MinimumVisualStudioVersion = 10.0.40219.1
Project("{FAE04EC0-301F-11D3-BF4B-00C04F79EFBC}") = "Zilon.Core", "Zilon.Core\Zilon.Core.csproj", "{93E96628-DE50-42AE-A2F5-4B4B042D66E6}"
EndProject
Project("{FAE04EC0-301F-11D3-BF4B-00C04F79EFBC}") = "Zilon.Bot.Players", "Zilon.Bot.Players\Zilon.Bot.Players.csproj", "{218B22DD-5BF3-4A86-B979-7E6F534F3F52}"
EndProject
Global
	GlobalSection(SolutionConfigurationPlatforms) = preSolution
		Debug|Any CPU = Debug|Any CPU
		Release|Any CPU = Release|Any CPU
	EndGlobalSection
	GlobalSection(ProjectConfigurationPlatforms) = postSolution
		{93E96628-DE50-42AE-A2F5-4B4B042D66E6}.Debug|Any CPU.ActiveCfg = Debug|Any CPU
		{93E96628-DE50-42AE-A2F5-4B4B042D66E6}.Debug|Any CPU.Build.0 = Debug|Any CPU
		{93E96628-DE50-42AE-A2F5-4B4B042D66E6}.Release|Any CPU.ActiveCfg = Release|Any CPU
		{93E96628-DE50-42AE-A2F5-4B4B042D66E6}.Release|Any CPU.Build.0 = Release|Any CPU
		{218B22DD-5BF3-4A86-B979-7E6F534F3F52}.Debug|Any CPU.ActiveCfg = Debug|Any CPU
		{218B22DD-5BF3-4A86-B979-7E6F534F3F52}.Debug|Any CPU.Build.0 = Debug|Any CPU
		{218B22DD-5BF3-4A86-B979-7E6F534F3F52}.Release|Any CPU.ActiveCfg = Release|Any CPU
		{218B22DD-5BF3-4A86-B979-7E6F534F3F52}.Release|Any CPU.Build.0 = Release|Any CPU
	EndGlobalSection
	GlobalSection(SolutionProperties) = preSolution
		HideSolutionNode = FALSE
	EndGlobalSection
	GlobalSection(ExtensibilityGlobals) = postSolution
		SolutionGuid = {CFF0449A-4E54-4D58-A6EB-852BCB6866BE}
	EndGlobalSection
	GlobalSection(Performance) = preSolution
		HasPerformanceSessions = true
	EndGlobalSection
	GlobalSection(Performance) = preSolution
		HasPerformanceSessions = true
	EndGlobalSection
EndGlobal
