
Microsoft Visual Studio Solution File, Format Version 12.00
# Visual Studio Version 16
VisualStudioVersion = 16.0.28803.156
MinimumVisualStudioVersion = 10.0.40219.1
Project("{FAE04EC0-301F-11D3-BF4B-00C04F79EFBC}") = "Zilon.Core", "Zilon.Core\Zilon.Core.csproj", "{93E96628-DE50-42AE-A2F5-4B4B042D66E6}"
EndProject
Project("{FAE04EC0-301F-11D3-BF4B-00C04F79EFBC}") = "Zilon.Core.Tests", "Zilon.Core.Tests\Zilon.Core.Tests.csproj", "{0192DB6B-EAE2-430A-BC52-148EEC878151}"
EndProject
Project("{2150E333-8FDC-42A3-9474-1A3956D46DE8}") = "Deploy", "Deploy", "{F057B496-9EBB-49B9-8B3F-ECBF7B08CA18}"
	ProjectSection(SolutionItems) = preProject
		CreateAppSettings.ps1 = CreateAppSettings.ps1
	EndProjectSection
EndProject
Project("{FAE04EC0-301F-11D3-BF4B-00C04F79EFBC}") = "Zilon.Core.Spec", "Zilon.Core.Spec\Zilon.Core.Spec.csproj", "{31887843-0523-4FFA-8B03-A7D041B95FA3}"
EndProject
Project("{FAE04EC0-301F-11D3-BF4B-00C04F79EFBC}") = "Zilon.Core.Tests.Common", "Zilon.Core.Tests.Common\Zilon.Core.Tests.Common.csproj", "{53AF1D62-18D8-4252-B09A-1CC50724BE92}"
EndProject
Project("{2150E333-8FDC-42A3-9474-1A3956D46DE8}") = "Tests", "Tests", "{A3B88E0E-94FE-44BE-B147-3A31C9A6F034}"
EndProject
Project("{2150E333-8FDC-42A3-9474-1A3956D46DE8}") = "Docs", "Docs", "{04A0FDB6-44FE-49A4-879B-3C53860DE840}"
	ProjectSection(SolutionItems) = preProject
		Docs\Core.dgml = Docs\Core.dgml
		Tests.md = Tests.md
	EndProjectSection
EndProject
Project("{FAE04EC0-301F-11D3-BF4B-00C04F79EFBC}") = "Zilon.Core.Benchmarks.Tests", "Zilon.Core.Benchmark\Zilon.Core.Benchmarks.Tests.csproj", "{66CE455F-3F1F-4DC2-BCAE-F8243686FF54}"
EndProject
Project("{2150E333-8FDC-42A3-9474-1A3956D46DE8}") = "Benchmarks", "Benchmarks", "{67CFF0E1-4DD5-4EFF-991D-3B745796992A}"
EndProject
Project("{2150E333-8FDC-42A3-9474-1A3956D46DE8}") = "Solution Items", "Solution Items", "{A77E8F14-A1DC-4EE6-8F92-577AA8BF9257}"
	ProjectSection(SolutionItems) = preProject
		nunit3-console.psess = nunit3-console.psess
	EndProjectSection
EndProject
Project("{FAE04EC0-301F-11D3-BF4B-00C04F79EFBC}") = "Zilon.SchemeEditor", "Zilon.SchemeEditor\Zilon.SchemeEditor.csproj", "{704DF995-A781-4E89-9E12-C41C66B3FC03}"
EndProject
Project("{2150E333-8FDC-42A3-9474-1A3956D46DE8}") = "Bot", "Bot", "{ED8E92CD-C200-4104-9FBF-50CDE07CB98C}"
EndProject
Project("{FAE04EC0-301F-11D3-BF4B-00C04F79EFBC}") = "Zilon.BotEnvironment", "Zilon.BotEnvironment\Zilon.BotEnvironment.csproj", "{B7EFEC00-E068-4510-B18D-3BF8A2E8245B}"
EndProject
Project("{FAE04EC0-301F-11D3-BF4B-00C04F79EFBC}") = "Zilon.Bot.Sdk", "Zilon.Bot.Sdk\Zilon.Bot.Sdk.csproj", "{C043BDA8-78EA-4B90-A35E-14282665F0D1}"
EndProject
Project("{FAE04EC0-301F-11D3-BF4B-00C04F79EFBC}") = "Zilon.Bot.Players", "Zilon.Bot.Players\Zilon.Bot.Players.csproj", "{218B22DD-5BF3-4A86-B979-7E6F534F3F52}"
EndProject
Project("{FAE04EC0-301F-11D3-BF4B-00C04F79EFBC}") = "Zilon.Bot.Players.Tests", "Zilon.Bot.Players.Tests\Zilon.Bot.Players.Tests.csproj", "{BC06E840-A29B-4610-A535-3F2DCD3D2F2F}"
EndProject
Project("{2150E333-8FDC-42A3-9474-1A3956D46DE8}") = "Tests", "Tests", "{65115D33-2698-4BCE-9B94-A187A740CDE0}"
EndProject
Project("{FAE04EC0-301F-11D3-BF4B-00C04F79EFBC}") = "Zilon.Bot.Players.LightInject", "Zilon.Bot.Players.LightInject\Zilon.Bot.Players.LightInject.csproj", "{1325F406-E074-438F-9A8F-28B9F411CADF}"
EndProject
Project("{FAE04EC0-301F-11D3-BF4B-00C04F79EFBC}") = "Zilon.BotMassLauncher", "Zilon.BotMassLauncher\Zilon.BotMassLauncher.csproj", "{01FE47A4-1DA0-476C-AE2D-8CBC5E2CED97}"
EndProject
Project("{2150E333-8FDC-42A3-9474-1A3956D46DE8}") = "MassLauncher", "MassLauncher", "{49B389A3-F804-4C6C-B6E1-B68A5F309A7D}"
EndProject
Project("{FAE04EC0-301F-11D3-BF4B-00C04F79EFBC}") = "Zilon.Bot.Players.DevelopmentTests", "Zilon.Bot.Players.DevelopmentTests\Zilon.Bot.Players.DevelopmentTests.csproj", "{B0CDC661-4458-4E1E-9375-F949F3EFB567}"
EndProject
Project("{FAE04EC0-301F-11D3-BF4B-00C04F79EFBC}") = "Zilon.Emulation.Common", "Zilon.Emulation.Common\Zilon.Emulation.Common.csproj", "{36013151-86C1-431E-ABC6-AFF816D4E015}"
EndProject
Project("{9A19103F-16F7-4668-BE54-9A1E7A4F7556}") = "Zilon.Core.Benchmarks.NetCore", "Zilon.Core.Benchmarks.NetCore\Zilon.Core.Benchmarks.NetCore.csproj", "{C1CEF5A7-9767-49A7-9CB3-A88E2D2F52C3}"
EndProject
Project("{FAE04EC0-301F-11D3-BF4B-00C04F79EFBC}") = "Zilon.Core.MassWorldGenerator", "Zilon.Core.MassWorldGenerator\Zilon.Core.MassWorldGenerator.csproj", "{FE267C20-E743-4E58-9A74-49FE482FF058}"
EndProject
Project("{FAE04EC0-301F-11D3-BF4B-00C04F79EFBC}") = "Zilon.Core.MassSectorGenerator", "Zilon.Core.MassSectorGenerator\Zilon.Core.MassSectorGenerator.csproj", "{9045F970-688B-4BC0-AD3C-247CEABE94B6}"
EndProject
Global
	GlobalSection(SolutionConfigurationPlatforms) = preSolution
		Debug|Any CPU = Debug|Any CPU
		Release|Any CPU = Release|Any CPU
	EndGlobalSection
	GlobalSection(ProjectConfigurationPlatforms) = postSolution
		{93E96628-DE50-42AE-A2F5-4B4B042D66E6}.Debug|Any CPU.ActiveCfg = Debug|Any CPU
		{93E96628-DE50-42AE-A2F5-4B4B042D66E6}.Debug|Any CPU.Build.0 = Debug|Any CPU
		{93E96628-DE50-42AE-A2F5-4B4B042D66E6}.Release|Any CPU.ActiveCfg = Release|Any CPU
		{93E96628-DE50-42AE-A2F5-4B4B042D66E6}.Release|Any CPU.Build.0 = Release|Any CPU
		{0192DB6B-EAE2-430A-BC52-148EEC878151}.Debug|Any CPU.ActiveCfg = Debug|Any CPU
		{0192DB6B-EAE2-430A-BC52-148EEC878151}.Debug|Any CPU.Build.0 = Debug|Any CPU
		{0192DB6B-EAE2-430A-BC52-148EEC878151}.Release|Any CPU.ActiveCfg = Release|Any CPU
		{0192DB6B-EAE2-430A-BC52-148EEC878151}.Release|Any CPU.Build.0 = Release|Any CPU
		{31887843-0523-4FFA-8B03-A7D041B95FA3}.Debug|Any CPU.ActiveCfg = Debug|Any CPU
		{31887843-0523-4FFA-8B03-A7D041B95FA3}.Debug|Any CPU.Build.0 = Debug|Any CPU
		{31887843-0523-4FFA-8B03-A7D041B95FA3}.Release|Any CPU.ActiveCfg = Release|Any CPU
		{31887843-0523-4FFA-8B03-A7D041B95FA3}.Release|Any CPU.Build.0 = Release|Any CPU
		{53AF1D62-18D8-4252-B09A-1CC50724BE92}.Debug|Any CPU.ActiveCfg = Debug|Any CPU
		{53AF1D62-18D8-4252-B09A-1CC50724BE92}.Debug|Any CPU.Build.0 = Debug|Any CPU
		{53AF1D62-18D8-4252-B09A-1CC50724BE92}.Release|Any CPU.ActiveCfg = Release|Any CPU
		{53AF1D62-18D8-4252-B09A-1CC50724BE92}.Release|Any CPU.Build.0 = Release|Any CPU
		{66CE455F-3F1F-4DC2-BCAE-F8243686FF54}.Debug|Any CPU.ActiveCfg = Debug|Any CPU
		{66CE455F-3F1F-4DC2-BCAE-F8243686FF54}.Debug|Any CPU.Build.0 = Debug|Any CPU
		{66CE455F-3F1F-4DC2-BCAE-F8243686FF54}.Release|Any CPU.ActiveCfg = Release|Any CPU
		{66CE455F-3F1F-4DC2-BCAE-F8243686FF54}.Release|Any CPU.Build.0 = Release|Any CPU
		{704DF995-A781-4E89-9E12-C41C66B3FC03}.Debug|Any CPU.ActiveCfg = Debug|Any CPU
		{704DF995-A781-4E89-9E12-C41C66B3FC03}.Debug|Any CPU.Build.0 = Debug|Any CPU
		{704DF995-A781-4E89-9E12-C41C66B3FC03}.Release|Any CPU.ActiveCfg = Release|Any CPU
		{704DF995-A781-4E89-9E12-C41C66B3FC03}.Release|Any CPU.Build.0 = Release|Any CPU
		{B7EFEC00-E068-4510-B18D-3BF8A2E8245B}.Debug|Any CPU.ActiveCfg = Debug|Any CPU
		{B7EFEC00-E068-4510-B18D-3BF8A2E8245B}.Debug|Any CPU.Build.0 = Debug|Any CPU
		{B7EFEC00-E068-4510-B18D-3BF8A2E8245B}.Release|Any CPU.ActiveCfg = Release|Any CPU
		{B7EFEC00-E068-4510-B18D-3BF8A2E8245B}.Release|Any CPU.Build.0 = Release|Any CPU
		{C043BDA8-78EA-4B90-A35E-14282665F0D1}.Debug|Any CPU.ActiveCfg = Debug|Any CPU
		{C043BDA8-78EA-4B90-A35E-14282665F0D1}.Debug|Any CPU.Build.0 = Debug|Any CPU
		{C043BDA8-78EA-4B90-A35E-14282665F0D1}.Release|Any CPU.ActiveCfg = Release|Any CPU
		{C043BDA8-78EA-4B90-A35E-14282665F0D1}.Release|Any CPU.Build.0 = Release|Any CPU
		{218B22DD-5BF3-4A86-B979-7E6F534F3F52}.Debug|Any CPU.ActiveCfg = Debug|Any CPU
		{218B22DD-5BF3-4A86-B979-7E6F534F3F52}.Debug|Any CPU.Build.0 = Debug|Any CPU
		{218B22DD-5BF3-4A86-B979-7E6F534F3F52}.Release|Any CPU.ActiveCfg = Release|Any CPU
		{218B22DD-5BF3-4A86-B979-7E6F534F3F52}.Release|Any CPU.Build.0 = Release|Any CPU
		{BC06E840-A29B-4610-A535-3F2DCD3D2F2F}.Debug|Any CPU.ActiveCfg = Debug|Any CPU
		{BC06E840-A29B-4610-A535-3F2DCD3D2F2F}.Debug|Any CPU.Build.0 = Debug|Any CPU
		{BC06E840-A29B-4610-A535-3F2DCD3D2F2F}.Release|Any CPU.ActiveCfg = Release|Any CPU
		{BC06E840-A29B-4610-A535-3F2DCD3D2F2F}.Release|Any CPU.Build.0 = Release|Any CPU
		{1325F406-E074-438F-9A8F-28B9F411CADF}.Debug|Any CPU.ActiveCfg = Debug|Any CPU
		{1325F406-E074-438F-9A8F-28B9F411CADF}.Debug|Any CPU.Build.0 = Debug|Any CPU
		{1325F406-E074-438F-9A8F-28B9F411CADF}.Release|Any CPU.ActiveCfg = Release|Any CPU
		{1325F406-E074-438F-9A8F-28B9F411CADF}.Release|Any CPU.Build.0 = Release|Any CPU
		{01FE47A4-1DA0-476C-AE2D-8CBC5E2CED97}.Debug|Any CPU.ActiveCfg = Debug|Any CPU
		{01FE47A4-1DA0-476C-AE2D-8CBC5E2CED97}.Debug|Any CPU.Build.0 = Debug|Any CPU
		{01FE47A4-1DA0-476C-AE2D-8CBC5E2CED97}.Release|Any CPU.ActiveCfg = Release|Any CPU
		{01FE47A4-1DA0-476C-AE2D-8CBC5E2CED97}.Release|Any CPU.Build.0 = Release|Any CPU
		{B0CDC661-4458-4E1E-9375-F949F3EFB567}.Debug|Any CPU.ActiveCfg = Debug|Any CPU
		{B0CDC661-4458-4E1E-9375-F949F3EFB567}.Debug|Any CPU.Build.0 = Debug|Any CPU
		{B0CDC661-4458-4E1E-9375-F949F3EFB567}.Release|Any CPU.ActiveCfg = Release|Any CPU
		{B0CDC661-4458-4E1E-9375-F949F3EFB567}.Release|Any CPU.Build.0 = Release|Any CPU
		{36013151-86C1-431E-ABC6-AFF816D4E015}.Debug|Any CPU.ActiveCfg = Debug|Any CPU
		{36013151-86C1-431E-ABC6-AFF816D4E015}.Debug|Any CPU.Build.0 = Debug|Any CPU
		{36013151-86C1-431E-ABC6-AFF816D4E015}.Release|Any CPU.ActiveCfg = Release|Any CPU
		{36013151-86C1-431E-ABC6-AFF816D4E015}.Release|Any CPU.Build.0 = Release|Any CPU
		{C1CEF5A7-9767-49A7-9CB3-A88E2D2F52C3}.Debug|Any CPU.ActiveCfg = Debug|Any CPU
		{C1CEF5A7-9767-49A7-9CB3-A88E2D2F52C3}.Debug|Any CPU.Build.0 = Debug|Any CPU
		{C1CEF5A7-9767-49A7-9CB3-A88E2D2F52C3}.Release|Any CPU.ActiveCfg = Release|Any CPU
		{C1CEF5A7-9767-49A7-9CB3-A88E2D2F52C3}.Release|Any CPU.Build.0 = Release|Any CPU
		{FE267C20-E743-4E58-9A74-49FE482FF058}.Debug|Any CPU.ActiveCfg = Debug|Any CPU
		{FE267C20-E743-4E58-9A74-49FE482FF058}.Debug|Any CPU.Build.0 = Debug|Any CPU
		{FE267C20-E743-4E58-9A74-49FE482FF058}.Release|Any CPU.ActiveCfg = Release|Any CPU
		{FE267C20-E743-4E58-9A74-49FE482FF058}.Release|Any CPU.Build.0 = Release|Any CPU
		{9045F970-688B-4BC0-AD3C-247CEABE94B6}.Debug|Any CPU.ActiveCfg = Debug|Any CPU
		{9045F970-688B-4BC0-AD3C-247CEABE94B6}.Debug|Any CPU.Build.0 = Debug|Any CPU
		{9045F970-688B-4BC0-AD3C-247CEABE94B6}.Release|Any CPU.ActiveCfg = Release|Any CPU
		{9045F970-688B-4BC0-AD3C-247CEABE94B6}.Release|Any CPU.Build.0 = Release|Any CPU
	EndGlobalSection
	GlobalSection(SolutionProperties) = preSolution
		HideSolutionNode = FALSE
	EndGlobalSection
	GlobalSection(NestedProjects) = preSolution
		{0192DB6B-EAE2-430A-BC52-148EEC878151} = {A3B88E0E-94FE-44BE-B147-3A31C9A6F034}
		{31887843-0523-4FFA-8B03-A7D041B95FA3} = {A3B88E0E-94FE-44BE-B147-3A31C9A6F034}
		{53AF1D62-18D8-4252-B09A-1CC50724BE92} = {A3B88E0E-94FE-44BE-B147-3A31C9A6F034}
		{66CE455F-3F1F-4DC2-BCAE-F8243686FF54} = {67CFF0E1-4DD5-4EFF-991D-3B745796992A}
		{B7EFEC00-E068-4510-B18D-3BF8A2E8245B} = {49B389A3-F804-4C6C-B6E1-B68A5F309A7D}
		{C043BDA8-78EA-4B90-A35E-14282665F0D1} = {ED8E92CD-C200-4104-9FBF-50CDE07CB98C}
		{218B22DD-5BF3-4A86-B979-7E6F534F3F52} = {ED8E92CD-C200-4104-9FBF-50CDE07CB98C}
		{BC06E840-A29B-4610-A535-3F2DCD3D2F2F} = {65115D33-2698-4BCE-9B94-A187A740CDE0}
		{65115D33-2698-4BCE-9B94-A187A740CDE0} = {ED8E92CD-C200-4104-9FBF-50CDE07CB98C}
		{1325F406-E074-438F-9A8F-28B9F411CADF} = {ED8E92CD-C200-4104-9FBF-50CDE07CB98C}
		{01FE47A4-1DA0-476C-AE2D-8CBC5E2CED97} = {49B389A3-F804-4C6C-B6E1-B68A5F309A7D}
		{49B389A3-F804-4C6C-B6E1-B68A5F309A7D} = {ED8E92CD-C200-4104-9FBF-50CDE07CB98C}
		{B0CDC661-4458-4E1E-9375-F949F3EFB567} = {65115D33-2698-4BCE-9B94-A187A740CDE0}
		{36013151-86C1-431E-ABC6-AFF816D4E015} = {49B389A3-F804-4C6C-B6E1-B68A5F309A7D}
		{C1CEF5A7-9767-49A7-9CB3-A88E2D2F52C3} = {67CFF0E1-4DD5-4EFF-991D-3B745796992A}
		{FE267C20-E743-4E58-9A74-49FE482FF058} = {49B389A3-F804-4C6C-B6E1-B68A5F309A7D}
		{9045F970-688B-4BC0-AD3C-247CEABE94B6} = {49B389A3-F804-4C6C-B6E1-B68A5F309A7D}
	EndGlobalSection
	GlobalSection(ExtensibilityGlobals) = postSolution
		SolutionGuid = {CFF0449A-4E54-4D58-A6EB-852BCB6866BE}
	EndGlobalSection
	GlobalSection(Performance) = preSolution
		HasPerformanceSessions = true
	EndGlobalSection
	GlobalSection(Performance) = preSolution
		HasPerformanceSessions = true
	EndGlobalSection
EndGlobal
