
Microsoft Visual Studio Solution File, Format Version 12.00
# Visual Studio Version 16
VisualStudioVersion = 16.0.29025.244
MinimumVisualStudioVersion = 10.0.40219.1
Project("{9A19103F-16F7-4668-BE54-9A1E7A4F7556}") = "Zilon.Core.Benchmarks.NetCore", "Zilon.Core.Benchmarks.NetCore.csproj", "{F7301AE9-CBF9-460A-83F4-BC3952841CA5}"
EndProject
Project("{FAE04EC0-301F-11D3-BF4B-00C04F79EFBC}") = "Zilon.Core.Tests.Common", "..\Zilon.Core.Tests.Common\Zilon.Core.Tests.Common.csproj", "{53AF1D62-18D8-4252-B09A-1CC50724BE92}"
EndProject
Project("{FAE04EC0-301F-11D3-BF4B-00C04F79EFBC}") = "Zilon.Bot.Players", "..\Zilon.Bot.Players\Zilon.Bot.Players.csproj", "{218B22DD-5BF3-4A86-B979-7E6F534F3F52}"
EndProject
Project("{FAE04EC0-301F-11D3-BF4B-00C04F79EFBC}") = "Zilon.Core", "..\Zilon.Core\Zilon.Core.csproj", "{93E96628-DE50-42AE-A2F5-4B4B042D66E6}"
EndProject
Project("{FAE04EC0-301F-11D3-BF4B-00C04F79EFBC}") = "Zilon.CommonUtilities", "..\Zilon.CommonUtilities\Zilon.CommonUtilities.csproj", "{B9367196-F13A-434E-9971-E823D2E2A7B3}"
EndProject
Project("{FAE04EC0-301F-11D3-BF4B-00C04F79EFBC}") = "Zilon.Bot.Sdk", "..\Zilon.Bot.Sdk\Zilon.Bot.Sdk.csproj", "{C043BDA8-78EA-4B90-A35E-14282665F0D1}"
EndProject
Global
	GlobalSection(SolutionConfigurationPlatforms) = preSolution
		Debug|Any CPU = Debug|Any CPU
		Release|Any CPU = Release|Any CPU
	EndGlobalSection
	GlobalSection(ProjectConfigurationPlatforms) = postSolution
		{F7301AE9-CBF9-460A-83F4-BC3952841CA5}.Debug|Any CPU.ActiveCfg = Debug|Any CPU
		{F7301AE9-CBF9-460A-83F4-BC3952841CA5}.Debug|Any CPU.Build.0 = Debug|Any CPU
		{F7301AE9-CBF9-460A-83F4-BC3952841CA5}.Release|Any CPU.ActiveCfg = Release|Any CPU
		{F7301AE9-CBF9-460A-83F4-BC3952841CA5}.Release|Any CPU.Build.0 = Release|Any CPU
		{53AF1D62-18D8-4252-B09A-1CC50724BE92}.Debug|Any CPU.ActiveCfg = Debug|Any CPU
		{53AF1D62-18D8-4252-B09A-1CC50724BE92}.Debug|Any CPU.Build.0 = Debug|Any CPU
		{53AF1D62-18D8-4252-B09A-1CC50724BE92}.Release|Any CPU.ActiveCfg = Release|Any CPU
		{53AF1D62-18D8-4252-B09A-1CC50724BE92}.Release|Any CPU.Build.0 = Release|Any CPU
		{218B22DD-5BF3-4A86-B979-7E6F534F3F52}.Debug|Any CPU.ActiveCfg = Debug|Any CPU
		{218B22DD-5BF3-4A86-B979-7E6F534F3F52}.Debug|Any CPU.Build.0 = Debug|Any CPU
		{218B22DD-5BF3-4A86-B979-7E6F534F3F52}.Release|Any CPU.ActiveCfg = Release|Any CPU
		{218B22DD-5BF3-4A86-B979-7E6F534F3F52}.Release|Any CPU.Build.0 = Release|Any CPU
		{93E96628-DE50-42AE-A2F5-4B4B042D66E6}.Debug|Any CPU.ActiveCfg = Debug|Any CPU
		{93E96628-DE50-42AE-A2F5-4B4B042D66E6}.Debug|Any CPU.Build.0 = Debug|Any CPU
		{93E96628-DE50-42AE-A2F5-4B4B042D66E6}.Release|Any CPU.ActiveCfg = Release|Any CPU
		{93E96628-DE50-42AE-A2F5-4B4B042D66E6}.Release|Any CPU.Build.0 = Release|Any CPU
		{B9367196-F13A-434E-9971-E823D2E2A7B3}.Debug|Any CPU.ActiveCfg = Debug|Any CPU
		{B9367196-F13A-434E-9971-E823D2E2A7B3}.Debug|Any CPU.Build.0 = Debug|Any CPU
		{B9367196-F13A-434E-9971-E823D2E2A7B3}.Release|Any CPU.ActiveCfg = Release|Any CPU
		{B9367196-F13A-434E-9971-E823D2E2A7B3}.Release|Any CPU.Build.0 = Release|Any CPU
		{C043BDA8-78EA-4B90-A35E-14282665F0D1}.Debug|Any CPU.ActiveCfg = Debug|Any CPU
		{C043BDA8-78EA-4B90-A35E-14282665F0D1}.Debug|Any CPU.Build.0 = Debug|Any CPU
		{C043BDA8-78EA-4B90-A35E-14282665F0D1}.Release|Any CPU.ActiveCfg = Release|Any CPU
		{C043BDA8-78EA-4B90-A35E-14282665F0D1}.Release|Any CPU.Build.0 = Release|Any CPU
	EndGlobalSection
	GlobalSection(SolutionProperties) = preSolution
		HideSolutionNode = FALSE
	EndGlobalSection
	GlobalSection(ExtensibilityGlobals) = postSolution
		SolutionGuid = {43D4EDC2-C2A5-48F7-8F90-D2D53B32E5C7}
	EndGlobalSection
EndGlobal
