
Microsoft Visual Studio Solution File, Format Version 12.00
# Visual Studio Version 16
VisualStudioVersion = 16.0.31025.194
MinimumVisualStudioVersion = 10.0.40219.1
Project("{9A19103F-16F7-4668-BE54-9A1E7A4F7556}") = "CDT.LIV.MonoGameClient", "CDT.LIV.MonoGameClient\CDT.LIV.MonoGameClient.csproj", "{4DA09397-832C-4D0F-87D9-B4362A73178B}"
EndProject
Project("{9A19103F-16F7-4668-BE54-9A1E7A4F7556}") = "Zilon.Core", "..\Zilon.Core\Zilon.Core\Zilon.Core\Zilon.Core.csproj", "{79645DDD-7882-46CF-A678-86992558558F}"
EndProject
Project("{9A19103F-16F7-4668-BE54-9A1E7A4F7556}") = "Zilon.Emulation.Common", "..\Zilon.Core\Zilon.Core\Zilon.Emulation.Common\Zilon.Emulation.Common.csproj", "{0A608B59-CAD4-4AD5-9B4A-CD558E98AE65}"
EndProject
Project("{2150E333-8FDC-42A3-9474-1A3956D46DE8}") = "Core", "Core", "{C4FA925D-5569-4A24-B697-62559AFB2382}"
EndProject
Project("{9A19103F-16F7-4668-BE54-9A1E7A4F7556}") = "Zilon.DependencyInjection", "..\Zilon.Core\Zilon.Core\Zilon.DependencyInjection\Zilon.DependencyInjection.csproj", "{FBC3AFC6-F976-48EA-A9CB-82F49582A671}"
EndProject
Project("{9A19103F-16F7-4668-BE54-9A1E7A4F7556}") = "Zilon.Bot.Players", "..\Zilon.Core\Zilon.Core\Zilon.Bot.Players\Zilon.Bot.Players.csproj", "{98E42579-F820-4D04-B8FF-5B7ED49BFD44}"
EndProject
Project("{9A19103F-16F7-4668-BE54-9A1E7A4F7556}") = "Zilon.Bot.Sdk", "..\Zilon.Core\Zilon.Core\Zilon.Bot.Sdk\Zilon.Bot.Sdk.csproj", "{4A5EEE38-A6A0-4C6D-A03B-B7CBFF15C23B}"
EndProject
Project("{9A19103F-16F7-4668-BE54-9A1E7A4F7556}") = "Zilon.Bot.Players.NetCore", "..\Zilon.Core\Zilon.Core\Zilon.Bot.Players.NetCore\Zilon.Bot.Players.NetCore.csproj", "{3B2D9371-9CB8-4A4C-818F-A6C7E5753DF5}"
EndProject
Global
	GlobalSection(SolutionConfigurationPlatforms) = preSolution
		Debug|Any CPU = Debug|Any CPU
		Release|Any CPU = Release|Any CPU
	EndGlobalSection
	GlobalSection(ProjectConfigurationPlatforms) = postSolution
		{4DA09397-832C-4D0F-87D9-B4362A73178B}.Debug|Any CPU.ActiveCfg = Debug|Any CPU
		{4DA09397-832C-4D0F-87D9-B4362A73178B}.Debug|Any CPU.Build.0 = Debug|Any CPU
		{4DA09397-832C-4D0F-87D9-B4362A73178B}.Release|Any CPU.ActiveCfg = Release|Any CPU
		{4DA09397-832C-4D0F-87D9-B4362A73178B}.Release|Any CPU.Build.0 = Release|Any CPU
		{79645DDD-7882-46CF-A678-86992558558F}.Debug|Any CPU.ActiveCfg = Debug|Any CPU
		{79645DDD-7882-46CF-A678-86992558558F}.Debug|Any CPU.Build.0 = Debug|Any CPU
		{79645DDD-7882-46CF-A678-86992558558F}.Release|Any CPU.ActiveCfg = Release|Any CPU
		{79645DDD-7882-46CF-A678-86992558558F}.Release|Any CPU.Build.0 = Release|Any CPU
		{0A608B59-CAD4-4AD5-9B4A-CD558E98AE65}.Debug|Any CPU.ActiveCfg = Debug|Any CPU
		{0A608B59-CAD4-4AD5-9B4A-CD558E98AE65}.Debug|Any CPU.Build.0 = Debug|Any CPU
		{0A608B59-CAD4-4AD5-9B4A-CD558E98AE65}.Release|Any CPU.ActiveCfg = Release|Any CPU
		{0A608B59-CAD4-4AD5-9B4A-CD558E98AE65}.Release|Any CPU.Build.0 = Release|Any CPU
		{FBC3AFC6-F976-48EA-A9CB-82F49582A671}.Debug|Any CPU.ActiveCfg = Debug|Any CPU
		{FBC3AFC6-F976-48EA-A9CB-82F49582A671}.Debug|Any CPU.Build.0 = Debug|Any CPU
		{FBC3AFC6-F976-48EA-A9CB-82F49582A671}.Release|Any CPU.ActiveCfg = Release|Any CPU
		{FBC3AFC6-F976-48EA-A9CB-82F49582A671}.Release|Any CPU.Build.0 = Release|Any CPU
		{98E42579-F820-4D04-B8FF-5B7ED49BFD44}.Debug|Any CPU.ActiveCfg = Debug|Any CPU
		{98E42579-F820-4D04-B8FF-5B7ED49BFD44}.Debug|Any CPU.Build.0 = Debug|Any CPU
		{98E42579-F820-4D04-B8FF-5B7ED49BFD44}.Release|Any CPU.ActiveCfg = Release|Any CPU
		{98E42579-F820-4D04-B8FF-5B7ED49BFD44}.Release|Any CPU.Build.0 = Release|Any CPU
		{4A5EEE38-A6A0-4C6D-A03B-B7CBFF15C23B}.Debug|Any CPU.ActiveCfg = Debug|Any CPU
		{4A5EEE38-A6A0-4C6D-A03B-B7CBFF15C23B}.Debug|Any CPU.Build.0 = Debug|Any CPU
		{4A5EEE38-A6A0-4C6D-A03B-B7CBFF15C23B}.Release|Any CPU.ActiveCfg = Release|Any CPU
		{4A5EEE38-A6A0-4C6D-A03B-B7CBFF15C23B}.Release|Any CPU.Build.0 = Release|Any CPU
		{3B2D9371-9CB8-4A4C-818F-A6C7E5753DF5}.Debug|Any CPU.ActiveCfg = Debug|Any CPU
		{3B2D9371-9CB8-4A4C-818F-A6C7E5753DF5}.Debug|Any CPU.Build.0 = Debug|Any CPU
		{3B2D9371-9CB8-4A4C-818F-A6C7E5753DF5}.Release|Any CPU.ActiveCfg = Release|Any CPU
		{3B2D9371-9CB8-4A4C-818F-A6C7E5753DF5}.Release|Any CPU.Build.0 = Release|Any CPU
	EndGlobalSection
	GlobalSection(SolutionProperties) = preSolution
		HideSolutionNode = FALSE
	EndGlobalSection
	GlobalSection(NestedProjects) = preSolution
		{79645DDD-7882-46CF-A678-86992558558F} = {C4FA925D-5569-4A24-B697-62559AFB2382}
		{0A608B59-CAD4-4AD5-9B4A-CD558E98AE65} = {C4FA925D-5569-4A24-B697-62559AFB2382}
		{FBC3AFC6-F976-48EA-A9CB-82F49582A671} = {C4FA925D-5569-4A24-B697-62559AFB2382}
		{98E42579-F820-4D04-B8FF-5B7ED49BFD44} = {C4FA925D-5569-4A24-B697-62559AFB2382}
		{4A5EEE38-A6A0-4C6D-A03B-B7CBFF15C23B} = {C4FA925D-5569-4A24-B697-62559AFB2382}
		{3B2D9371-9CB8-4A4C-818F-A6C7E5753DF5} = {C4FA925D-5569-4A24-B697-62559AFB2382}
	EndGlobalSection
	GlobalSection(ExtensibilityGlobals) = postSolution
		SolutionGuid = {2C6F0D5F-8454-4321-9BAE-6704099A5909}
	EndGlobalSection
EndGlobal
